// !$*UTF8*$!
{
	archiveVersion = 1;
	classes = {
	};
	objectVersion = 46;
	objects = {

/* Begin PBXBuildFile section */
		52B710E81F4D2F93008081EC /* main.m in Sources */ = {isa = PBXBuildFile; fileRef = 52B710E71F4D2F93008081EC /* main.m */; };
		52B710EB1F4D2F93008081EC /* AppDelegate.m in Sources */ = {isa = PBXBuildFile; fileRef = 52B710EA1F4D2F93008081EC /* AppDelegate.m */; };
		52B710EE1F4D2F93008081EC /* ViewController.m in Sources */ = {isa = PBXBuildFile; fileRef = 52B710ED1F4D2F93008081EC /* ViewController.m */; };
		52B710F11F4D2F93008081EC /* Main.storyboard in Resources */ = {isa = PBXBuildFile; fileRef = 52B710EF1F4D2F93008081EC /* Main.storyboard */; };
		52B710F31F4D2F93008081EC /* Assets.xcassets in Resources */ = {isa = PBXBuildFile; fileRef = 52B710F21F4D2F93008081EC /* Assets.xcassets */; };
		52B710F61F4D2F93008081EC /* LaunchScreen.storyboard in Resources */ = {isa = PBXBuildFile; fileRef = 52B710F41F4D2F93008081EC /* LaunchScreen.storyboard */; };
/* End PBXBuildFile section */

/* Begin PBXFileReference section */
		52B710E31F4D2F93008081EC /* ChatModuleSample.app */ = {isa = PBXFileReference; explicitFileType = wrapper.application; includeInIndex = 0; path = ChatModuleSample.app; sourceTree = BUILT_PRODUCTS_DIR; };
		52B710E71F4D2F93008081EC /* main.m */ = {isa = PBXFileReference; lastKnownFileType = sourcecode.c.objc; path = main.m; sourceTree = "<group>"; };
		52B710E91F4D2F93008081EC /* AppDelegate.h */ = {isa = PBXFileReference; lastKnownFileType = sourcecode.c.h; path = AppDelegate.h; sourceTree = "<group>"; };
		52B710EA1F4D2F93008081EC /* AppDelegate.m */ = {isa = PBXFileReference; lastKnownFileType = sourcecode.c.objc; path = AppDelegate.m; sourceTree = "<group>"; };
		52B710EC1F4D2F93008081EC /* ViewController.h */ = {isa = PBXFileReference; lastKnownFileType = sourcecode.c.h; path = ViewController.h; sourceTree = "<group>"; };
		52B710ED1F4D2F93008081EC /* ViewController.m */ = {isa = PBXFileReference; lastKnownFileType = sourcecode.c.objc; path = ViewController.m; sourceTree = "<group>"; };
		52B710F01F4D2F93008081EC /* Base */ = {isa = PBXFileReference; lastKnownFileType = file.storyboard; name = Base; path = Base.lproj/Main.storyboard; sourceTree = "<group>"; };
		52B710F21F4D2F93008081EC /* Assets.xcassets */ = {isa = PBXFileReference; lastKnownFileType = folder.assetcatalog; path = Assets.xcassets; sourceTree = "<group>"; };
		52B710F51F4D2F93008081EC /* Base */ = {isa = PBXFileReference; lastKnownFileType = file.storyboard; name = Base; path = Base.lproj/LaunchScreen.storyboard; sourceTree = "<group>"; };
		52B710F71F4D2F93008081EC /* Info.plist */ = {isa = PBXFileReference; lastKnownFileType = text.plist.xml; path = Info.plist; sourceTree = "<group>"; };
/* End PBXFileReference section */

/* Begin PBXFrameworksBuildPhase section */
		52B710E01F4D2F93008081EC /* Frameworks */ = {
			isa = PBXFrameworksBuildPhase;
			buildActionMask = 2147483647;
			files = (
			);
			runOnlyForDeploymentPostprocessing = 0;
		};
/* End PBXFrameworksBuildPhase section */

/* Begin PBXGroup section */
		52B710DA1F4D2F93008081EC = {
			isa = PBXGroup;
			children = (
				52B710E51F4D2F93008081EC /* ChatModuleSample */,
				52B710E41F4D2F93008081EC /* Products */,
			);
			sourceTree = "<group>";
		};
		52B710E41F4D2F93008081EC /* Products */ = {
			isa = PBXGroup;
			children = (
				52B710E31F4D2F93008081EC /* ChatModuleSample.app */,
			);
			name = Products;
			sourceTree = "<group>";
		};
		52B710E51F4D2F93008081EC /* ChatModuleSample */ = {
			isa = PBXGroup;
			children = (
				52B710E91F4D2F93008081EC /* AppDelegate.h */,
				52B710EA1F4D2F93008081EC /* AppDelegate.m */,
				52B710EC1F4D2F93008081EC /* ViewController.h */,
				52B710ED1F4D2F93008081EC /* ViewController.m */,
				52B710EF1F4D2F93008081EC /* Main.storyboard */,
				52B710F21F4D2F93008081EC /* Assets.xcassets */,
				52B710F41F4D2F93008081EC /* LaunchScreen.storyboard */,
				52B710F71F4D2F93008081EC /* Info.plist */,
				52B710E61F4D2F93008081EC /* Supporting Files */,
			);
			path = ChatModuleSample;
			sourceTree = "<group>";
		};
		52B710E61F4D2F93008081EC /* Supporting Files */ = {
			isa = PBXGroup;
			children = (
				52B710E71F4D2F93008081EC /* main.m */,
			);
			name = "Supporting Files";
			sourceTree = "<group>";
		};
/* End PBXGroup section */

/* Begin PBXNativeTarget section */
		52B710E21F4D2F93008081EC /* ChatModuleSample */ = {
			isa = PBXNativeTarget;
			buildConfigurationList = 52B711101F4D2F94008081EC /* Build configuration list for PBXNativeTarget "ChatModuleSample" */;
			buildPhases = (
				52B710DF1F4D2F93008081EC /* Sources */,
				52B710E01F4D2F93008081EC /* Frameworks */,
				52B710E11F4D2F93008081EC /* Resources */,
			);
			buildRules = (
			);
			dependencies = (
			);
			name = ChatModuleSample;
			productName = ChatModuleSample;
			productReference = 52B710E31F4D2F93008081EC /* ChatModuleSample.app */;
			productType = "com.apple.product-type.application";
		};
/* End PBXNativeTarget section */

/* Begin PBXProject section */
		52B710DB1F4D2F93008081EC /* Project object */ = {
			isa = PBXProject;
			attributes = {
				LastUpgradeCheck = 0830;
				ORGANIZATIONNAME = Ginger;
				TargetAttributes = {
					52B710E21F4D2F93008081EC = {
						CreatedOnToolsVersion = 8.3.3;
						DevelopmentTeam = 9L23HH5C26;
						ProvisioningStyle = Automatic;
					};
				};
			};
			buildConfigurationList = 52B710DE1F4D2F93008081EC /* Build configuration list for PBXProject "ChatModuleSample" */;
			compatibilityVersion = "Xcode 3.2";
			developmentRegion = English;
			hasScannedForEncodings = 0;
			knownRegions = (
				en,
				Base,
			);
			mainGroup = 52B710DA1F4D2F93008081EC;
			productRefGroup = 52B710E41F4D2F93008081EC /* Products */;
			projectDirPath = "";
			projectRoot = "";
			targets = (
				52B710E21F4D2F93008081EC /* ChatModuleSample */,
			);
		};
/* End PBXProject section */

/* Begin PBXResourcesBuildPhase section */
		52B710E11F4D2F93008081EC /* Resources */ = {
			isa = PBXResourcesBuildPhase;
			buildActionMask = 2147483647;
			files = (
				52B710F61F4D2F93008081EC /* LaunchScreen.storyboard in Resources */,
				52B710F31F4D2F93008081EC /* Assets.xcassets in Resources */,
				52B710F11F4D2F93008081EC /* Main.storyboard in Resources */,
			);
			runOnlyForDeploymentPostprocessing = 0;
		};
/* End PBXResourcesBuildPhase section */

/* Begin PBXSourcesBuildPhase section */
		52B710DF1F4D2F93008081EC /* Sources */ = {
			isa = PBXSourcesBuildPhase;
			buildActionMask = 2147483647;
			files = (
				52B710EE1F4D2F93008081EC /* ViewController.m in Sources */,
				52B710EB1F4D2F93008081EC /* AppDelegate.m in Sources */,
				52B710E81F4D2F93008081EC /* main.m in Sources */,
			);
			runOnlyForDeploymentPostprocessing = 0;
		};
/* End PBXSourcesBuildPhase section */

/* Begin PBXVariantGroup section */
		52B710EF1F4D2F93008081EC /* Main.storyboard */ = {
			isa = PBXVariantGroup;
			children = (
				52B710F01F4D2F93008081EC /* Base */,
			);
			name = Main.storyboard;
			sourceTree = "<group>";
		};
		52B710F41F4D2F93008081EC /* LaunchScreen.storyboard */ = {
			isa = PBXVariantGroup;
			children = (
				52B710F51F4D2F93008081EC /* Base */,
			);
			name = LaunchScreen.storyboard;
			sourceTree = "<group>";
		};
/* End PBXVariantGroup section */

/* Begin XCBuildConfiguration section */
		52B7110E1F4D2F94008081EC /* Debug */ = {
			isa = XCBuildConfiguration;
			buildSettings = {
				ALWAYS_SEARCH_USER_PATHS = NO;
				CLANG_ANALYZER_NONNULL = YES;
				CLANG_ANALYZER_NUMBER_OBJECT_CONVERSION = YES_AGGRESSIVE;
				CLANG_CXX_LANGUAGE_STANDARD = "gnu++0x";
				CLANG_CXX_LIBRARY = "libc++";
				CLANG_ENABLE_MODULES = YES;
				CLANG_ENABLE_OBJC_ARC = YES;
				CLANG_WARN_BOOL_CONVERSION = YES;
				CLANG_WARN_CONSTANT_CONVERSION = YES;
				CLANG_WARN_DIRECT_OBJC_ISA_USAGE = YES_ERROR;
				CLANG_WARN_DOCUMENTATION_COMMENTS = YES;
				CLANG_WARN_EMPTY_BODY = YES;
				CLANG_WARN_ENUM_CONVERSION = YES;
				CLANG_WARN_INFINITE_RECURSION = YES;
				CLANG_WARN_INT_CONVERSION = YES;
				CLANG_WARN_OBJC_ROOT_CLASS = YES_ERROR;
				CLANG_WARN_SUSPICIOUS_MOVE = YES;
				CLANG_WARN_UNREACHABLE_CODE = YES;
				CLANG_WARN__DUPLICATE_METHOD_MATCH = YES;
				"CODE_SIGN_IDENTITY[sdk=iphoneos*]" = "iPhone Developer";
				COPY_PHASE_STRIP = NO;
				DEBUG_INFORMATION_FORMAT = dwarf;
				ENABLE_STRICT_OBJC_MSGSEND = YES;
				ENABLE_TESTABILITY = YES;
				GCC_C_LANGUAGE_STANDARD = gnu99;
				GCC_DYNAMIC_NO_PIC = NO;
				GCC_NO_COMMON_BLOCKS = YES;
				GCC_OPTIMIZATION_LEVEL = 0;
				GCC_PREPROCESSOR_DEFINITIONS = (
					"DEBUG=1",
					"$(inherited)",
				);
				GCC_WARN_64_TO_32_BIT_CONVERSION = YES;
				GCC_WARN_ABOUT_RETURN_TYPE = YES_ERROR;
				GCC_WARN_UNDECLARED_SELECTOR = YES;
				GCC_WARN_UNINITIALIZED_AUTOS = YES_AGGRESSIVE;
				GCC_WARN_UNUSED_FUNCTION = YES;
				GCC_WARN_UNUSED_VARIABLE = YES;
				IPHONEOS_DEPLOYMENT_TARGET = 10.3;
				MTL_ENABLE_DEBUG_INFO = YES;
				ONLY_ACTIVE_ARCH = YES;
				SDKROOT = iphoneos;
				TARGETED_DEVICE_FAMILY = "1,2";
			};
			name = Debug;
		};
		52B7110F1F4D2F94008081EC /* Release */ = {
			isa = XCBuildConfiguration;
			buildSettings = {
				ALWAYS_SEARCH_USER_PATHS = NO;
				CLANG_ANALYZER_NONNULL = YES;
				CLANG_ANALYZER_NUMBER_OBJECT_CONVERSION = YES_AGGRESSIVE;
				CLANG_CXX_LANGUAGE_STANDARD = "gnu++0x";
				CLANG_CXX_LIBRARY = "libc++";
				CLANG_ENABLE_MODULES = YES;
				CLANG_ENABLE_OBJC_ARC = YES;
				CLANG_WARN_BOOL_CONVERSION = YES;
				CLANG_WARN_CONSTANT_CONVERSION = YES;
				CLANG_WARN_DIRECT_OBJC_ISA_USAGE = YES_ERROR;
				CLANG_WARN_DOCUMENTATION_COMMENTS = YES;
				CLANG_WARN_EMPTY_BODY = YES;
				CLANG_WARN_ENUM_CONVERSION = YES;
				CLANG_WARN_INFINITE_RECURSION = YES;
				CLANG_WARN_INT_CONVERSION = YES;
				CLANG_WARN_OBJC_ROOT_CLASS = YES_ERROR;
				CLANG_WARN_SUSPICIOUS_MOVE = YES;
				CLANG_WARN_UNREACHABLE_CODE = YES;
				CLANG_WARN__DUPLICATE_METHOD_MATCH = YES;
				"CODE_SIGN_IDENTITY[sdk=iphoneos*]" = "iPhone Developer";
				COPY_PHASE_STRIP = NO;
				DEBUG_INFORMATION_FORMAT = "dwarf-with-dsym";
				ENABLE_NS_ASSERTIONS = NO;
				ENABLE_STRICT_OBJC_MSGSEND = YES;
				GCC_C_LANGUAGE_STANDARD = gnu99;
				GCC_NO_COMMON_BLOCKS = YES;
				GCC_WARN_64_TO_32_BIT_CONVERSION = YES;
				GCC_WARN_ABOUT_RETURN_TYPE = YES_ERROR;
				GCC_WARN_UNDECLARED_SELECTOR = YES;
				GCC_WARN_UNINITIALIZED_AUTOS = YES_AGGRESSIVE;
				GCC_WARN_UNUSED_FUNCTION = YES;
				GCC_WARN_UNUSED_VARIABLE = YES;
				IPHONEOS_DEPLOYMENT_TARGET = 10.3;
				MTL_ENABLE_DEBUG_INFO = NO;
				SDKROOT = iphoneos;
				TARGETED_DEVICE_FAMILY = "1,2";
				VALIDATE_PRODUCT = YES;
			};
			name = Release;
		};
		52B711111F4D2F94008081EC /* Debug */ = {
			isa = XCBuildConfiguration;
			buildSettings = {
				ASSETCATALOG_COMPILER_APPICON_NAME = AppIcon;
				DEVELOPMENT_TEAM = 9L23HH5C26;
				INFOPLIST_FILE = ChatModuleSample/Info.plist;
				IPHONEOS_DEPLOYMENT_TARGET = 8.0;
				LD_RUNPATH_SEARCH_PATHS = "$(inherited) @executable_path/Frameworks";
				PRODUCT_BUNDLE_IDENTIFIER = com.juphoon.ChatModuleSample;
				PRODUCT_NAME = "$(TARGET_NAME)";
			};
			name = Debug;
		};
		52B711121F4D2F94008081EC /* Release */ = {
			isa = XCBuildConfiguration;
			buildSettings = {
				ASSETCATALOG_COMPILER_APPICON_NAME = AppIcon;
				DEVELOPMENT_TEAM = 9L23HH5C26;
				INFOPLIST_FILE = ChatModuleSample/Info.plist;
				IPHONEOS_DEPLOYMENT_TARGET = 8.0;
				LD_RUNPATH_SEARCH_PATHS = "$(inherited) @executable_path/Frameworks";
				PRODUCT_BUNDLE_IDENTIFIER = com.juphoon.ChatModuleSample;
				PRODUCT_NAME = "$(TARGET_NAME)";
			};
			name = Release;
		};
/* End XCBuildConfiguration section */

/* Begin XCConfigurationList section */
		52B710DE1F4D2F93008081EC /* Build configuration list for PBXProject "ChatModuleSample" */ = {
			isa = XCConfigurationList;
			buildConfigurations = (
				52B7110E1F4D2F94008081EC /* Debug */,
				52B7110F1F4D2F94008081EC /* Release */,
			);
			defaultConfigurationIsVisible = 0;
			defaultConfigurationName = Release;
		};
		52B711101F4D2F94008081EC /* Build configuration list for PBXNativeTarget "ChatModuleSample" */ = {
			isa = XCConfigurationList;
			buildConfigurations = (
				52B711111F4D2F94008081EC /* Debug */,
				52B711121F4D2F94008081EC /* Release */,
			);
			defaultConfigurationIsVisible = 0;
			defaultConfigurationName = Release;
		};
/* End XCConfigurationList section */
	};
	rootObject = 52B710DB1F4D2F93008081EC /* Project object */;
}
